%{"connection": {:hex, :connection, "1.0.3", "3145f7416be3df248a4935f24e3221dc467c1e3a158d62015b35bd54da365786", [:mix], []},
  "db_connection": {:hex, :db_connection, "1.0.0-rc.3", "d9ceb670fe300271140af46d357b669983cd16bc0d01206d7d3222dde56cf038", [:mix], [{:sbroker, "~> 1.0.0-beta.3", [hex: :sbroker, optional: true]}, {:poolboy, "~> 1.5", [hex: :poolboy, optional: true]}, {:connection, "~> 1.0.2", [hex: :connection, optional: false]}]},
  "earmark": {:hex, :earmark, "1.0.1", "2c2cd903bfdc3de3f189bd9a8d4569a075b88a8981ded9a0d95672f6e2b63141", [:mix], []},
  "ex_doc": {:hex, :ex_doc, "0.13.0", "aa2f8fe4c6136a2f7cfc0a7e06805f82530e91df00e2bff4b4362002b43ada65", [:mix], [{:earmark, "~> 1.0", [hex: :earmark, optional: false]}]},
  "fs": {:hex, :fs, "0.9.2", "ed17036c26c3f70ac49781ed9220a50c36775c6ca2cf8182d123b6566e49ec59", [:rebar], []},
  "mix_test_watch": {:hex, :mix_test_watch, "0.2.6", "9fcc2b1b89d1594c4a8300959c19d50da2f0ff13642c8f681692a6e507f92cab", [:mix], [{:fs, "~> 0.9.1", [hex: :fs, optional: false]}]}}
